Microsoft Visual Studio Solution File, Format Version 12.00
# Visual Studio 2012
Project("{FAE04EC0-301F-11D3-BF4B-00C04F79EFBC}") = "first2DProject", "first2DProject.csproj", "{32B9B8DF-EB1C-495E-9FB7-7949E2148E5A}"
EndProject
Global
	GlobalSection(SolutionConfigurationPlatforms) = preSolution
	Debug|Any CPU = Debug|Any CPU
	ExportDebug|Any CPU = ExportDebug|Any CPU
	ExportRelease|Any CPU = ExportRelease|Any CPU
	EndGlobalSection
	GlobalSection(ProjectConfigurationPlatforms) = postSolution
		{32B9B8DF-EB1C-495E-9FB7-7949E2148E5A}.Debug|Any CPU.ActiveCfg = Debug|Any CPU
		{32B9B8DF-EB1C-495E-9FB7-7949E2148E5A}.Debug|Any CPU.Build.0 = Debug|Any CPU
		{32B9B8DF-EB1C-495E-9FB7-7949E2148E5A}.ExportDebug|Any CPU.ActiveCfg = ExportDebug|Any CPU
		{32B9B8DF-EB1C-495E-9FB7-7949E2148E5A}.ExportDebug|Any CPU.Build.0 = ExportDebug|Any CPU
		{32B9B8DF-EB1C-495E-9FB7-7949E2148E5A}.ExportRelease|Any CPU.ActiveCfg = ExportRelease|Any CPU
		{32B9B8DF-EB1C-495E-9FB7-7949E2148E5A}.ExportRelease|Any CPU.Build.0 = ExportRelease|Any CPU
	EndGlobalSection
EndGlobal
