Microsoft Visual Studio Solution File, Format Version 12.00
# Visual Studio 2012
Project("{FAE04EC0-301F-11D3-BF4B-00C04F79EFBC}") = "first2DProject", "first2DProject.csproj", "{2638C750-E04D-4E29-B12E-A45A5AF93E47}"
EndProject
Global
	GlobalSection(SolutionConfigurationPlatforms) = preSolution
	Debug|Any CPU = Debug|Any CPU
	ExportDebug|Any CPU = ExportDebug|Any CPU
	ExportRelease|Any CPU = ExportRelease|Any CPU
	EndGlobalSection
	GlobalSection(ProjectConfigurationPlatforms) = postSolution
		{2638C750-E04D-4E29-B12E-A45A5AF93E47}.Debug|Any CPU.ActiveCfg = Debug|Any CPU
		{2638C750-E04D-4E29-B12E-A45A5AF93E47}.Debug|Any CPU.Build.0 = Debug|Any CPU
		{2638C750-E04D-4E29-B12E-A45A5AF93E47}.ExportDebug|Any CPU.ActiveCfg = ExportDebug|Any CPU
		{2638C750-E04D-4E29-B12E-A45A5AF93E47}.ExportDebug|Any CPU.Build.0 = ExportDebug|Any CPU
		{2638C750-E04D-4E29-B12E-A45A5AF93E47}.ExportRelease|Any CPU.ActiveCfg = ExportRelease|Any CPU
		{2638C750-E04D-4E29-B12E-A45A5AF93E47}.ExportRelease|Any CPU.Build.0 = ExportRelease|Any CPU
	EndGlobalSection
EndGlobal
